
Microsoft Visual Studio Solution File, Format Version 12.00
# Visual Studio Version 16
VisualStudioVersion = 16.0.32929.386
MinimumVisualStudioVersion = 10.0.40219.1
Project("{888888A0-9F3D-457C-B088-3A5042F75D52}") = "Comunicacion serial y socket", "Comunicacion serial y socket\Comunicacion serial y socket.pyproj", "{7B07E941-22CE-4E3A-9289-B8D2D3B23FD1}"
EndProject
Global
	GlobalSection(SolutionConfigurationPlatforms) = preSolution
		Debug|Any CPU = Debug|Any CPU
		Release|Any CPU = Release|Any CPU
	EndGlobalSection
	GlobalSection(ProjectConfigurationPlatforms) = postSolution
		{7B07E941-22CE-4E3A-9289-B8D2D3B23FD1}.Debug|Any CPU.ActiveCfg = Debug|Any CPU
		{7B07E941-22CE-4E3A-9289-B8D2D3B23FD1}.Release|Any CPU.ActiveCfg = Release|Any CPU
	EndGlobalSection
	GlobalSection(SolutionProperties) = preSolution
		HideSolutionNode = FALSE
	EndGlobalSection
	GlobalSection(ExtensibilityGlobals) = postSolution
		SolutionGuid = {58CA9028-F953-42BF-8C8C-E18731F72110}
	EndGlobalSection
EndGlobal
